
Microsoft Visual Studio Solution File, Format Version 12.00
# Visual Studio 15
VisualStudioVersion = 15.0.28307.168
MinimumVisualStudioVersion = 10.0.40219.1
Project("{FAE04EC0-301F-11D3-BF4B-00C04F79EFBC}") = "JASHAN", "JASHAN\JASHAN.csproj", "{D210E3AA-D010-4AB1-B211-E26F8BF88DA3}"
EndProject
Global
	GlobalSection(SolutionConfigurationPlatforms) = preSolution
		Debug|Any CPU = Debug|Any CPU
		Release|Any CPU = Release|Any CPU
	EndGlobalSection
	GlobalSection(ProjectConfigurationPlatforms) = postSolution
		{D210E3AA-D010-4AB1-B211-E26F8BF88DA3}.Debug|Any CPU.ActiveCfg = Debug|Any CPU
		{D210E3AA-D010-4AB1-B211-E26F8BF88DA3}.Debug|Any CPU.Build.0 = Debug|Any CPU
		{D210E3AA-D010-4AB1-B211-E26F8BF88DA3}.Release|Any CPU.ActiveCfg = Release|Any CPU
		{D210E3AA-D010-4AB1-B211-E26F8BF88DA3}.Release|Any CPU.Build.0 = Release|Any CPU
	EndGlobalSection
	GlobalSection(SolutionProperties) = preSolution
		HideSolutionNode = FALSE
	EndGlobalSection
	GlobalSection(ExtensibilityGlobals) = postSolution
		SolutionGuid = {BF868697-85E9-4E71-8C12-5E0219DEC509}
	EndGlobalSection
EndGlobal
